
Microsoft Visual Studio Solution File, Format Version 12.00
# Visual Studio Version 16
VisualStudioVersion = 16.0.31313.79
MinimumVisualStudioVersion = 10.0.40219.1
Project("{2150E333-8FDC-42A3-9474-1A3956D46DE8}") = "01 -  Testes de Software", "01 -  Testes de Software", "{8D421714-2800-44EF-A8EE-20034ADE3C21}"
EndProject
Project("{2150E333-8FDC-42A3-9474-1A3956D46DE8}") = "1.1 - Teste Basicos", "1.1 - Teste Basicos", "{8F12218E-BEA4-4824-987E-EF66B840502C}"
EndProject
Project("{9A19103F-16F7-4668-BE54-9A1E7A4F7556}") = "Demo.Tests", "Demo.Tests\Demo.Tests.csproj", "{A0E16F59-7185-4BAF-BFCF-92C1ACDEE0A3}"
EndProject
Project("{9A19103F-16F7-4668-BE54-9A1E7A4F7556}") = "Demo", "01 - Testes de Unidade\1.1 - Testes Basicos\Demo\Demo.csproj", "{CB02316A-90FC-40AB-B57C-1D1BAF73E998}"
EndProject
Project("{2150E333-8FDC-42A3-9474-1A3956D46DE8}") = "2.2 - Features", "2.2 - Features", "{FF74F744-D626-42A3-8F77-CE7D36402D4D}"
EndProject
Project("{FAE04EC0-301F-11D3-BF4B-00C04F79EFBC}") = "Features.Tests", "Features.Tests\Features.Tests.csproj", "{17F9A35E-D1CE-4AF5-A4F5-896C1DA669A5}"
EndProject
Project("{FAE04EC0-301F-11D3-BF4B-00C04F79EFBC}") = "Features", "Features\Features.csproj", "{D2E3B67A-0FF3-4B06-A8B2-29F59EA550B3}"
EndProject
Global
	GlobalSection(SolutionConfigurationPlatforms) = preSolution
		Debug|Any CPU = Debug|Any CPU
		Release|Any CPU = Release|Any CPU
	EndGlobalSection
	GlobalSection(ProjectConfigurationPlatforms) = postSolution
		{A0E16F59-7185-4BAF-BFCF-92C1ACDEE0A3}.Debug|Any CPU.ActiveCfg = Debug|Any CPU
		{A0E16F59-7185-4BAF-BFCF-92C1ACDEE0A3}.Debug|Any CPU.Build.0 = Debug|Any CPU
		{A0E16F59-7185-4BAF-BFCF-92C1ACDEE0A3}.Release|Any CPU.ActiveCfg = Release|Any CPU
		{A0E16F59-7185-4BAF-BFCF-92C1ACDEE0A3}.Release|Any CPU.Build.0 = Release|Any CPU
		{CB02316A-90FC-40AB-B57C-1D1BAF73E998}.Debug|Any CPU.ActiveCfg = Debug|Any CPU
		{CB02316A-90FC-40AB-B57C-1D1BAF73E998}.Debug|Any CPU.Build.0 = Debug|Any CPU
		{CB02316A-90FC-40AB-B57C-1D1BAF73E998}.Release|Any CPU.ActiveCfg = Release|Any CPU
		{CB02316A-90FC-40AB-B57C-1D1BAF73E998}.Release|Any CPU.Build.0 = Release|Any CPU
		{17F9A35E-D1CE-4AF5-A4F5-896C1DA669A5}.Debug|Any CPU.ActiveCfg = Debug|Any CPU
		{17F9A35E-D1CE-4AF5-A4F5-896C1DA669A5}.Debug|Any CPU.Build.0 = Debug|Any CPU
		{17F9A35E-D1CE-4AF5-A4F5-896C1DA669A5}.Release|Any CPU.ActiveCfg = Release|Any CPU
		{17F9A35E-D1CE-4AF5-A4F5-896C1DA669A5}.Release|Any CPU.Build.0 = Release|Any CPU
		{D2E3B67A-0FF3-4B06-A8B2-29F59EA550B3}.Debug|Any CPU.ActiveCfg = Debug|Any CPU
		{D2E3B67A-0FF3-4B06-A8B2-29F59EA550B3}.Debug|Any CPU.Build.0 = Debug|Any CPU
		{D2E3B67A-0FF3-4B06-A8B2-29F59EA550B3}.Release|Any CPU.ActiveCfg = Release|Any CPU
		{D2E3B67A-0FF3-4B06-A8B2-29F59EA550B3}.Release|Any CPU.Build.0 = Release|Any CPU
	EndGlobalSection
	GlobalSection(SolutionProperties) = preSolution
		HideSolutionNode = FALSE
	EndGlobalSection
	GlobalSection(NestedProjects) = preSolution
		{8F12218E-BEA4-4824-987E-EF66B840502C} = {8D421714-2800-44EF-A8EE-20034ADE3C21}
		{A0E16F59-7185-4BAF-BFCF-92C1ACDEE0A3} = {8F12218E-BEA4-4824-987E-EF66B840502C}
		{CB02316A-90FC-40AB-B57C-1D1BAF73E998} = {8F12218E-BEA4-4824-987E-EF66B840502C}
		{FF74F744-D626-42A3-8F77-CE7D36402D4D} = {8D421714-2800-44EF-A8EE-20034ADE3C21}
		{17F9A35E-D1CE-4AF5-A4F5-896C1DA669A5} = {FF74F744-D626-42A3-8F77-CE7D36402D4D}
		{D2E3B67A-0FF3-4B06-A8B2-29F59EA550B3} = {FF74F744-D626-42A3-8F77-CE7D36402D4D}
	EndGlobalSection
	GlobalSection(ExtensibilityGlobals) = postSolution
		SolutionGuid = {C601F61B-3A57-4CC5-A383-3B73F8B224AB}
	EndGlobalSection
EndGlobal
